GEM
  remote: https://rubygems.org/
  specs:
    addressable (2.8.8)
      public_suffix (>= 2.0.2, < 8.0)
    base64 (0.3.0)
    bigdecimal (3.3.1)
    builder (3.3.0)
    capybara (3.40.0)
      addressable
      matrix
      mini_mime (>= 0.1.3)
      nokogiri (~> 1.11)
      rack (>= 1.6.0)
      rack-test (>= 0.6.3)
      regexp_parser (>= 1.5, < 3.0)
      xpath (~> 3.2)
    cucumber (10.2.0)
      base64 (~> 0.2)
      builder (~> 3.2)
      cucumber-ci-environment (> 9, < 12)
      cucumber-core (> 15, < 17)
      cucumber-cucumber-expressions (> 17, < 20)
      cucumber-html-formatter (> 21, < 23)
      diff-lcs (~> 1.5)
      logger (~> 1.6)
      mini_mime (~> 1.1)
      multi_test (~> 1.1)
      sys-uname (~> 1.3)
    cucumber-ci-environment (11.0.0)
    cucumber-core (15.4.0)
      cucumber-gherkin (> 27, < 40)
      cucumber-messages (> 26, < 33)
      cucumber-tag-expressions (> 5, < 9)
    cucumber-cucumber-expressions (18.0.1)
      bigdecimal
    cucumber-gherkin (36.1.0)
      cucumber-messages (> 25, < 30)
    cucumber-html-formatter (22.2.0)
      cucumber-messages (> 19, < 31)
    cucumber-messages (29.0.1)
    cucumber-tag-expressions (8.1.0)
    diff-lcs (1.6.2)
    ffi (1.17.2-x64-mingw-ucrt)
    logger (1.7.0)
    matrix (0.4.3)
    memoist3 (1.0.0)
    mini_mime (1.1.5)
    multi_test (1.1.0)
    nokogiri (1.18.10-x64-mingw-ucrt)
      racc (~> 1.4)
    public_suffix (7.0.0)
    racc (1.8.1)
    rack (3.2.4)
    rack-test (2.2.0)
      rack (>= 1.3)
    regexp_parser (2.11.3)
    rexml (3.4.4)
    rspec (3.13.2)
      rspec-core (~> 3.13.0)
      rspec-expectations (~> 3.13.0)
      rspec-mocks (~> 3.13.0)
    rspec-core (3.13.6)
      rspec-support (~> 3.13.0)
    rspec-expectations (3.13.5)
      diff-lcs (>= 1.2.0, < 2.0)
      rspec-support (~> 3.13.0)
    rspec-mocks (3.13.7)
      diff-lcs (>= 1.2.0, < 2.0)
      rspec-support (~> 3.13.0)
    rspec-support (3.13.6)
    rubyzip (3.2.2)
    selenium-webdriver (4.39.0)
      base64 (~> 0.2)
      logger (~> 1.4)
      rexml (~> 3.2, >= 3.2.5)
      rubyzip (>= 1.2.2, < 4.0)
      websocket (~> 1.0)
    sys-uname (1.4.1)
      ffi (~> 1.1)
      memoist3 (~> 1.0.0)
    webdrivers (5.2.0)
      nokogiri (~> 1.6)
      rubyzip (>= 1.3.0)
      selenium-webdriver (~> 4.0)
    websocket (1.2.11)
    xpath (3.2.0)
      nokogiri (~> 1.8)

PLATFORMS
  x64-mingw-ucrt

DEPENDENCIES
  capybara
  cucumber
  rspec
  selenium-webdriver
  webdrivers

CHECKSUMS
  addressable (2.8.8) sha256=7c13b8f9536cf6364c03b9d417c19986019e28f7c00ac8132da4eb0fe393b057
  base64 (0.3.0) sha256=27337aeabad6ffae05c265c450490628ef3ebd4b67be58257393227588f5a97b
  bigdecimal (3.3.1) sha256=eaa01e228be54c4f9f53bf3cc34fe3d5e845c31963e7fcc5bedb05a4e7d52218
  builder (3.3.0) sha256=497918d2f9dca528fdca4b88d84e4ef4387256d984b8154e9d5d3fe5a9c8835f
  capybara (3.40.0) sha256=42dba720578ea1ca65fd7a41d163dd368502c191804558f6e0f71b391054aeef
  cucumber (10.2.0) sha256=fdedbd31ecf40858b60f04853f2aa15c44f5c30bbac29c6a227fa1e7005a8158
  cucumber-ci-environment (11.0.0) sha256=0df79a9e1d0b015b3d9def680f989200d96fef206f4d19ccf86a338c4f71d1e2
  cucumber-core (15.4.0) sha256=161309d85847b336c998b201e2003d3f4a86207fa4816da2678fe3d7f3735e45
  cucumber-cucumber-expressions (18.0.1) sha256=8398a0bf636af33ff3b61e459a309295eb02745b9e21bd7af0eaaa2a1e6be3e5
  cucumber-gherkin (36.1.0) sha256=c2b8e950fc3dc0b19d7fd59bb5e47950dbe61129bffcf3c038fcacaea7942b09
  cucumber-html-formatter (22.2.0) sha256=e92fed01ee5a120690da89152ddbe71b77aa56b058228f9df81c6bf8cd4b6980
  cucumber-messages (29.0.1) sha256=77bd8ad859ae35fd4e076cd32fce940963317e17229dd51c7844ac11766a6cb9
  cucumber-tag-expressions (8.1.0) sha256=9bd8c4b6654f8e5bf2a9c99329b6f32136a75e50cd39d4cfb3927d0fa9f52e21
  diff-lcs (1.6.2) sha256=9ae0d2cba7d4df3075fe8cd8602a8604993efc0dfa934cff568969efb1909962
  ffi (1.17.2-x64-mingw-ucrt) sha256=15d2da54ee578657a333a6059ed16eaba1cbd794ceecd15944825b65c8381ac0
  logger (1.7.0) sha256=196edec7cc44b66cfb40f9755ce11b392f21f7967696af15d274dde7edff0203
  matrix (0.4.3) sha256=a0d5ab7ddcc1973ff690ab361b67f359acbb16958d1dc072b8b956a286564c5b
  memoist3 (1.0.0) sha256=686e42402cf150a362050c23143dc57b0ef88f8c344943ff8b7845792b50d56f
  mini_mime (1.1.5) sha256=8681b7e2e4215f2a159f9400b5816d85e9d8c6c6b491e96a12797e798f8bccef
  multi_test (1.1.0) sha256=e9e550cdd863fb72becfe344aefdcd4cbd26ebf307847f4a6c039a4082324d10
  nokogiri (1.18.10-x64-mingw-ucrt) sha256=64f40d4a41af9f7f83a4e236ad0cf8cca621b97e31f727b1bebdae565a653104
  public_suffix (7.0.0) sha256=f7090b5beb0e56f9f10d79eed4d5fbe551b3b425da65877e075dad47a6a1b095
  racc (1.8.1) sha256=4a7f6929691dbec8b5209a0b373bc2614882b55fc5d2e447a21aaa691303d62f
  rack (3.2.4) sha256=5d74b6f75082a643f43c1e76b419c40f0e5527fcfee1e669ac1e6b73c0ccb6f6
  rack-test (2.2.0) sha256=005a36692c306ac0b4a9350355ee080fd09ddef1148a5f8b2ac636c720f5c463
  regexp_parser (2.11.3) sha256=ca13f381a173b7a93450e53459075c9b76a10433caadcb2f1180f2c741fc55a4
  rexml (3.4.4) sha256=19e0a2c3425dfbf2d4fc1189747bdb2f849b6c5e74180401b15734bc97b5d142
  rspec (3.13.2) sha256=206284a08ad798e61f86d7ca3e376718d52c0bc944626b2349266f239f820587
  rspec-core (3.13.6) sha256=a8823c6411667b60a8bca135364351dda34cd55e44ff94c4be4633b37d828b2d
  rspec-expectations (3.13.5) sha256=33a4d3a1d95060aea4c94e9f237030a8f9eae5615e9bd85718fe3a09e4b58836
  rspec-mocks (3.13.7) sha256=0979034e64b1d7a838aaaddf12bf065ea4dc40ef3d4c39f01f93ae2c66c62b1c
  rspec-support (3.13.6) sha256=2e8de3702427eab064c9352fe74488cc12a1bfae887ad8b91cba480ec9f8afb2
  rubyzip (3.2.2) sha256=c0ed99385f0625415c8f05bcae33fe649ed2952894a95ff8b08f26ca57ea5b3c
  selenium-webdriver (4.39.0) sha256=984a1e63d39472eaf286bac3c6f1822fa7eea6eed9c07a66ce7b3bc5417ba826
  sys-uname (1.4.1) sha256=ed2278ec670ee8af5eb5420d3a98e22188051f6241180db7c779993db2739a16
  webdrivers (5.2.0) sha256=8387bdeed5df329b85bd5303a2198c91418e5887e2d71298de677a9bc249b35b
  websocket (1.2.11) sha256=b7e7a74e2410b5e85c25858b26b3322f29161e300935f70a0e0d3c35e0462737
  xpath (3.2.0) sha256=6dfda79d91bb3b949b947ecc5919f042ef2f399b904013eb3ef6d20dd3a4082e

BUNDLED WITH
  4.0.1
